
Microsoft Visual Studio Solution File, Format Version 11.00
# Visual Studio 2010
Project("{F184B08F-C81C-45F6-A57F-5ABD9991F28F}") = "Matricula.Presentacion", "Matricula.Presentacion\Matricula.Presentacion.vbproj", "{1FC70C35-3099-4DC6-9676-C3BF87DB16E5}"
	ProjectSection(ProjectDependencies) = postProject
		{B498D372-35F3-405A-9389-30EB43F4EE18} = {B498D372-35F3-405A-9389-30EB43F4EE18}
		{D4787A87-7BB4-4D64-A6D0-338A191B4AB5} = {D4787A87-7BB4-4D64-A6D0-338A191B4AB5}
	EndProjectSection
EndProject
Project("{F184B08F-C81C-45F6-A57F-5ABD9991F28F}") = "Matricula.AccesoDatos", "Matricula.AccesoDatos\Matricula.AccesoDatos.vbproj", "{D4787A87-7BB4-4D64-A6D0-338A191B4AB5}"
EndProject
Project("{F184B08F-C81C-45F6-A57F-5ABD9991F28F}") = "Matricula.LogicaNegocio", "Matricula.LogicaNegocio\Matricula.LogicaNegocio.vbproj", "{B498D372-35F3-405A-9389-30EB43F4EE18}"
	ProjectSection(ProjectDependencies) = postProject
		{D4787A87-7BB4-4D64-A6D0-338A191B4AB5} = {D4787A87-7BB4-4D64-A6D0-338A191B4AB5}
	EndProjectSection
EndProject
Global
	GlobalSection(SolutionConfigurationPlatforms) = preSolution
		Debug|Any CPU = Debug|Any CPU
		Release|Any CPU = Release|Any CPU
	EndGlobalSection
	GlobalSection(ProjectConfigurationPlatforms) = postSolution
		{1FC70C35-3099-4DC6-9676-C3BF87DB16E5}.Debug|Any CPU.ActiveCfg = Debug|Any CPU
		{1FC70C35-3099-4DC6-9676-C3BF87DB16E5}.Debug|Any CPU.Build.0 = Debug|Any CPU
		{1FC70C35-3099-4DC6-9676-C3BF87DB16E5}.Release|Any CPU.ActiveCfg = Release|Any CPU
		{1FC70C35-3099-4DC6-9676-C3BF87DB16E5}.Release|Any CPU.Build.0 = Release|Any CPU
		{D4787A87-7BB4-4D64-A6D0-338A191B4AB5}.Debug|Any CPU.ActiveCfg = Debug|Any CPU
		{D4787A87-7BB4-4D64-A6D0-338A191B4AB5}.Debug|Any CPU.Build.0 = Debug|Any CPU
		{D4787A87-7BB4-4D64-A6D0-338A191B4AB5}.Release|Any CPU.ActiveCfg = Release|Any CPU
		{D4787A87-7BB4-4D64-A6D0-338A191B4AB5}.Release|Any CPU.Build.0 = Release|Any CPU
		{B498D372-35F3-405A-9389-30EB43F4EE18}.Debug|Any CPU.ActiveCfg = Debug|Any CPU
		{B498D372-35F3-405A-9389-30EB43F4EE18}.Debug|Any CPU.Build.0 = Debug|Any CPU
		{B498D372-35F3-405A-9389-30EB43F4EE18}.Release|Any CPU.ActiveCfg = Release|Any CPU
		{B498D372-35F3-405A-9389-30EB43F4EE18}.Release|Any CPU.Build.0 = Release|Any CPU
	EndGlobalSection
	GlobalSection(SolutionProperties) = preSolution
		HideSolutionNode = FALSE
	EndGlobalSection
EndGlobal
