
Microsoft Visual Studio Solution File, Format Version 10.00
# Visual Studio 2008
Project("{FAE04EC0-301F-11D3-BF4B-00C04F79EFBC}") = "WinAutoComplete", "WinAutoComplete\WinAutoComplete.csproj", "{157FC710-D10C-47A1-BC12-0E6161E16EA8}"
EndProject
Global
	GlobalSection(SolutionConfigurationPlatforms) = preSolution
		Debug|Any CPU = Debug|Any CPU
		Release|Any CPU = Release|Any CPU
	EndGlobalSection
	GlobalSection(ProjectConfigurationPlatforms) = postSolution
		{157FC710-D10C-47A1-BC12-0E6161E16EA8}.Debug|Any CPU.ActiveCfg = Debug|Any CPU
		{157FC710-D10C-47A1-BC12-0E6161E16EA8}.Debug|Any CPU.Build.0 = Debug|Any CPU
		{157FC710-D10C-47A1-BC12-0E6161E16EA8}.Release|Any CPU.ActiveCfg = Release|Any CPU
		{157FC710-D10C-47A1-BC12-0E6161E16EA8}.Release|Any CPU.Build.0 = Release|Any CPU
	EndGlobalSection
	GlobalSection(SolutionProperties) = preSolution
		HideSolutionNode = FALSE
	EndGlobalSection
EndGlobal
